
Microsoft Visual Studio Solution File, Format Version 12.00
# Visual Studio Version 16
VisualStudioVersion = 16.0.31702.278
MinimumVisualStudioVersion = 10.0.40219.1
Project("{FAE04EC0-301F-11D3-BF4B-00C04F79EFBC}") = "Tome Tales Management Panel", "Tome Tales Management Panel\Tome Tales Management Panel.csproj", "{2AD6409F-FCFF-43D1-9CA3-D15493E9C5E8}"
EndProject
Global
	GlobalSection(SolutionConfigurationPlatforms) = preSolution
		Debug|Any CPU = Debug|Any CPU
		Release|Any CPU = Release|Any CPU
	EndGlobalSection
	GlobalSection(ProjectConfigurationPlatforms) = postSolution
		{2AD6409F-FCFF-43D1-9CA3-D15493E9C5E8}.Debug|Any CPU.ActiveCfg = Debug|Any CPU
		{2AD6409F-FCFF-43D1-9CA3-D15493E9C5E8}.Debug|Any CPU.Build.0 = Debug|Any CPU
		{2AD6409F-FCFF-43D1-9CA3-D15493E9C5E8}.Release|Any CPU.ActiveCfg = Release|Any CPU
		{2AD6409F-FCFF-43D1-9CA3-D15493E9C5E8}.Release|Any CPU.Build.0 = Release|Any CPU
	EndGlobalSection
	GlobalSection(SolutionProperties) = preSolution
		HideSolutionNode = FALSE
	EndGlobalSection
	GlobalSection(ExtensibilityGlobals) = postSolution
		SolutionGuid = {376E8270-8642-4538-8846-2E9E38E742AF}
	EndGlobalSection
EndGlobal
